// !$*UTF8*$!
{
	archiveVersion = 1;
	classes = {
	};
	objectVersion = 56;
	objects = {

/* Begin PBXBuildFile section */
		08B8C4472B497D5200A0D7F6 /* SwiftUIPracticeApp.swift in Sources */ = {isa = PBXBuildFile; fileRef = 08B8C4462B497D5200A0D7F6 /* SwiftUIPracticeApp.swift */; };
		08B8C4492B497D5200A0D7F6 /* ContentView.swift in Sources */ = {isa = PBXBuildFile; fileRef = 08B8C4482B497D5200A0D7F6 /* ContentView.swift */; };
		08B8C44B2B497D5500A0D7F6 /* Assets.xcassets in Resources */ = {isa = PBXBuildFile; fileRef = 08B8C44A2B497D5500A0D7F6 /* Assets.xcassets */; };
		08B8C44E2B497D5500A0D7F6 /* Preview Assets.xcassets in Resources */ = {isa = PBXBuildFile; fileRef = 08B8C44D2B497D5500A0D7F6 /* Preview Assets.xcassets */; };
		08B8C4632B497FF600A0D7F6 /* MainTabView.swift in Sources */ = {isa = PBXBuildFile; fileRef = 08B8C4622B497FF600A0D7F6 /* MainTabView.swift */; };
		08B8C4652B49825800A0D7F6 /* ProfileView.swift in Sources */ = {isa = PBXBuildFile; fileRef = 08B8C4642B49825800A0D7F6 /* ProfileView.swift */; };
		08B8C4822B498CB600A0D7F6 /* UserStatView.swift in Sources */ = {isa = PBXBuildFile; fileRef = 08B8C4812B498CB600A0D7F6 /* UserStatView.swift */; };
		08B8C4842B4A6DF200A0D7F6 /* FeedView.swift in Sources */ = {isa = PBXBuildFile; fileRef = 08B8C4832B4A6DF200A0D7F6 /* FeedView.swift */; };
		08B8C4862B4A6DFA00A0D7F6 /* FeedCell.swift in Sources */ = {isa = PBXBuildFile; fileRef = 08B8C4852B4A6DFA00A0D7F6 /* FeedCell.swift */; };
		08B8C4882B4A7C4E00A0D7F6 /* SearchView.swift in Sources */ = {isa = PBXBuildFile; fileRef = 08B8C4872B4A7C4E00A0D7F6 /* SearchView.swift */; };
		08B8C48A2B4A86C200A0D7F6 /* LoginView.swift in Sources */ = {isa = PBXBuildFile; fileRef = 08B8C4892B4A86C100A0D7F6 /* LoginView.swift */; };
		08B8C48C2B4A95AA00A0D7F6 /* AddEmailView.swift in Sources */ = {isa = PBXBuildFile; fileRef = 08B8C48B2B4A95A900A0D7F6 /* AddEmailView.swift */; };
		08B8C48E2B4AA04400A0D7F6 /* TextFieldModifier.swift in Sources */ = {isa = PBXBuildFile; fileRef = 08B8C48D2B4AA04400A0D7F6 /* TextFieldModifier.swift */; };
		08B8C4902B4BF7CD00A0D7F6 /* CreateUserNameView.swift in Sources */ = {isa = PBXBuildFile; fileRef = 08B8C48F2B4BF7CD00A0D7F6 /* CreateUserNameView.swift */; };
		08B8C4922B4C04A700A0D7F6 /* CreatePasswordView.swift in Sources */ = {isa = PBXBuildFile; fileRef = 08B8C4912B4C04A700A0D7F6 /* CreatePasswordView.swift */; };
		08B8C4942B4C072200A0D7F6 /* CompleteSignupView.swift in Sources */ = {isa = PBXBuildFile; fileRef = 08B8C4932B4C072200A0D7F6 /* CompleteSignupView.swift */; };
		08B8C4962B4C0F0300A0D7F6 /* User.swift in Sources */ = {isa = PBXBuildFile; fileRef = 08B8C4952B4C0F0300A0D7F6 /* User.swift */; };
/* End PBXBuildFile section */

/* Begin PBXFileReference section */
		08B8C4432B497D5200A0D7F6 /* SwiftUIPractice.app */ = {isa = PBXFileReference; explicitFileType = wrapper.application; includeInIndex = 0; path = SwiftUIPractice.app; sourceTree = BUILT_PRODUCTS_DIR; };
		08B8C4462B497D5200A0D7F6 /* SwiftUIPracticeApp.swift */ = {isa = PBXFileReference; lastKnownFileType = sourcecode.swift; path = SwiftUIPracticeApp.swift; sourceTree = "<group>"; };
		08B8C4482B497D5200A0D7F6 /* ContentView.swift */ = {isa = PBXFileReference; lastKnownFileType = sourcecode.swift; path = ContentView.swift; sourceTree = "<group>"; };
		08B8C44A2B497D5500A0D7F6 /* Assets.xcassets */ = {isa = PBXFileReference; lastKnownFileType = folder.assetcatalog; path = Assets.xcassets; sourceTree = "<group>"; };
		08B8C44D2B497D5500A0D7F6 /* Preview Assets.xcassets */ = {isa = PBXFileReference; lastKnownFileType = folder.assetcatalog; path = "Preview Assets.xcassets"; sourceTree = "<group>"; };
		08B8C4622B497FF600A0D7F6 /* MainTabView.swift */ = {isa = PBXFileReference; lastKnownFileType = sourcecode.swift; path = MainTabView.swift; sourceTree = "<group>"; };
		08B8C4642B49825800A0D7F6 /* ProfileView.swift */ = {isa = PBXFileReference; lastKnownFileType = sourcecode.swift; path = ProfileView.swift; sourceTree = "<group>"; };
		08B8C4812B498CB600A0D7F6 /* UserStatView.swift */ = {isa = PBXFileReference; lastKnownFileType = sourcecode.swift; path = UserStatView.swift; sourceTree = "<group>"; };
		08B8C4832B4A6DF200A0D7F6 /* FeedView.swift */ = {isa = PBXFileReference; lastKnownFileType = sourcecode.swift; path = FeedView.swift; sourceTree = "<group>"; };
		08B8C4852B4A6DFA00A0D7F6 /* FeedCell.swift */ = {isa = PBXFileReference; lastKnownFileType = sourcecode.swift; path = FeedCell.swift; sourceTree = "<group>"; };
		08B8C4872B4A7C4E00A0D7F6 /* SearchView.swift */ = {isa = PBXFileReference; lastKnownFileType = sourcecode.swift; path = SearchView.swift; sourceTree = "<group>"; };
		08B8C4892B4A86C100A0D7F6 /* LoginView.swift */ = {isa = PBXFileReference; lastKnownFileType = sourcecode.swift; path = LoginView.swift; sourceTree = "<group>"; };
		08B8C48B2B4A95A900A0D7F6 /* AddEmailView.swift */ = {isa = PBXFileReference; lastKnownFileType = sourcecode.swift; path = AddEmailView.swift; sourceTree = "<group>"; };
		08B8C48D2B4AA04400A0D7F6 /* TextFieldModifier.swift */ = {isa = PBXFileReference; lastKnownFileType = sourcecode.swift; path = TextFieldModifier.swift; sourceTree = "<group>"; };
		08B8C48F2B4BF7CD00A0D7F6 /* CreateUserNameView.swift */ = {isa = PBXFileReference; lastKnownFileType = sourcecode.swift; path = CreateUserNameView.swift; sourceTree = "<group>"; };
		08B8C4912B4C04A700A0D7F6 /* CreatePasswordView.swift */ = {isa = PBXFileReference; lastKnownFileType = sourcecode.swift; path = CreatePasswordView.swift; sourceTree = "<group>"; };
		08B8C4932B4C072200A0D7F6 /* CompleteSignupView.swift */ = {isa = PBXFileReference; lastKnownFileType = sourcecode.swift; path = CompleteSignupView.swift; sourceTree = "<group>"; };
		08B8C4952B4C0F0300A0D7F6 /* User.swift */ = {isa = PBXFileReference; lastKnownFileType = sourcecode.swift; path = User.swift; sourceTree = "<group>"; };
/* End PBXFileReference section */

/* Begin PBXFrameworksBuildPhase section */
		08B8C4402B497D5200A0D7F6 /* Frameworks */ = {
			isa = PBXFrameworksBuildPhase;
			buildActionMask = 2147483647;
			files = (
			);
			runOnlyForDeploymentPostprocessing = 0;
		};
/* End PBXFrameworksBuildPhase section */

/* Begin PBXGroup section */
		08B8C43A2B497D5200A0D7F6 = {
			isa = PBXGroup;
			children = (
				08B8C4452B497D5200A0D7F6 /* SwiftUIPractice */,
				08B8C4442B497D5200A0D7F6 /* Products */,
			);
			sourceTree = "<group>";
		};
		08B8C4442B497D5200A0D7F6 /* Products */ = {
			isa = PBXGroup;
			children = (
				08B8C4432B497D5200A0D7F6 /* SwiftUIPractice.app */,
			);
			name = Products;
			sourceTree = "<group>";
		};
		08B8C4452B497D5200A0D7F6 /* SwiftUIPractice */ = {
			isa = PBXGroup;
			children = (
				08B8C4582B497DB800A0D7F6 /* App */,
				08B8C4552B497D8100A0D7F6 /* Core */,
				08B8C4572B497DB600A0D7F6 /* Extension */,
				08B8C4542B497D6400A0D7F6 /* Model */,
				08B8C4562B497DB300A0D7F6 /* Service */,
				08B8C4482B497D5200A0D7F6 /* ContentView.swift */,
				08B8C44A2B497D5500A0D7F6 /* Assets.xcassets */,
				08B8C44C2B497D5500A0D7F6 /* Preview Content */,
			);
			path = SwiftUIPractice;
			sourceTree = "<group>";
		};
		08B8C44C2B497D5500A0D7F6 /* Preview Content */ = {
			isa = PBXGroup;
			children = (
				08B8C44D2B497D5500A0D7F6 /* Preview Assets.xcassets */,
			);
			path = "Preview Content";
			sourceTree = "<group>";
		};
		08B8C4542B497D6400A0D7F6 /* Model */ = {
			isa = PBXGroup;
			children = (
				08B8C4952B4C0F0300A0D7F6 /* User.swift */,
			);
			path = Model;
			sourceTree = "<group>";
		};
		08B8C4552B497D8100A0D7F6 /* Core */ = {
			isa = PBXGroup;
			children = (
				08B8C4662B498C5E00A0D7F6 /* Components */,
				08B8C45A2B497E2900A0D7F6 /* Authentication */,
				08B8C45E2B497E3E00A0D7F6 /* Feed */,
				08B8C45D2B497E3A00A0D7F6 /* Profile */,
				08B8C45C2B497E3500A0D7F6 /* Root */,
				08B8C45B2B497E2D00A0D7F6 /* Search */,
				08B8C4602B497EF700A0D7F6 /* Tabbar */,
				08B8C4612B497EFB00A0D7F6 /* UploadPost */,
			);
			path = Core;
			sourceTree = "<group>";
		};
		08B8C4562B497DB300A0D7F6 /* Service */ = {
			isa = PBXGroup;
			children = (
			);
			path = Service;
			sourceTree = "<group>";
		};
		08B8C4572B497DB600A0D7F6 /* Extension */ = {
			isa = PBXGroup;
			children = (
			);
			path = Extension;
			sourceTree = "<group>";
		};
		08B8C4582B497DB800A0D7F6 /* App */ = {
			isa = PBXGroup;
			children = (
				08B8C4462B497D5200A0D7F6 /* SwiftUIPracticeApp.swift */,
			);
			path = App;
			sourceTree = "<group>";
		};
		08B8C45A2B497E2900A0D7F6 /* Authentication */ = {
			isa = PBXGroup;
			children = (
				08B8C4892B4A86C100A0D7F6 /* LoginView.swift */,
				08B8C48B2B4A95A900A0D7F6 /* AddEmailView.swift */,
				08B8C48F2B4BF7CD00A0D7F6 /* CreateUserNameView.swift */,
				08B8C4912B4C04A700A0D7F6 /* CreatePasswordView.swift */,
				08B8C4932B4C072200A0D7F6 /* CompleteSignupView.swift */,
			);
			path = Authentication;
			sourceTree = "<group>";
		};
		08B8C45B2B497E2D00A0D7F6 /* Search */ = {
			isa = PBXGroup;
			children = (
				08B8C4872B4A7C4E00A0D7F6 /* SearchView.swift */,
			);
			path = Search;
			sourceTree = "<group>";
		};
		08B8C45C2B497E3500A0D7F6 /* Root */ = {
			isa = PBXGroup;
			children = (
			);
			path = Root;
			sourceTree = "<group>";
		};
		08B8C45D2B497E3A00A0D7F6 /* Profile */ = {
			isa = PBXGroup;
			children = (
				08B8C4642B49825800A0D7F6 /* ProfileView.swift */,
			);
			path = Profile;
			sourceTree = "<group>";
		};
		08B8C45E2B497E3E00A0D7F6 /* Feed */ = {
			isa = PBXGroup;
			children = (
				08B8C4832B4A6DF200A0D7F6 /* FeedView.swift */,
				08B8C4852B4A6DFA00A0D7F6 /* FeedCell.swift */,
			);
			path = Feed;
			sourceTree = "<group>";
		};
		08B8C4602B497EF700A0D7F6 /* Tabbar */ = {
			isa = PBXGroup;
			children = (
				08B8C4622B497FF600A0D7F6 /* MainTabView.swift */,
			);
			path = Tabbar;
			sourceTree = "<group>";
		};
		08B8C4612B497EFB00A0D7F6 /* UploadPost */ = {
			isa = PBXGroup;
			children = (
			);
			path = UploadPost;
			sourceTree = "<group>";
		};
		08B8C4662B498C5E00A0D7F6 /* Components */ = {
			isa = PBXGroup;
			children = (
				08B8C4812B498CB600A0D7F6 /* UserStatView.swift */,
				08B8C48D2B4AA04400A0D7F6 /* TextFieldModifier.swift */,
			);
			path = Components;
			sourceTree = "<group>";
		};
/* End PBXGroup section */

/* Begin PBXNativeTarget section */
		08B8C4422B497D5200A0D7F6 /* SwiftUIPractice */ = {
			isa = PBXNativeTarget;
			buildConfigurationList = 08B8C4512B497D5500A0D7F6 /* Build configuration list for PBXNativeTarget "SwiftUIPractice" */;
			buildPhases = (
				08B8C43F2B497D5200A0D7F6 /* Sources */,
				08B8C4402B497D5200A0D7F6 /* Frameworks */,
				08B8C4412B497D5200A0D7F6 /* Resources */,
			);
			buildRules = (
			);
			dependencies = (
			);
			name = SwiftUIPractice;
			productName = SwiftUIPractice;
			productReference = 08B8C4432B497D5200A0D7F6 /* SwiftUIPractice.app */;
			productType = "com.apple.product-type.application";
		};
/* End PBXNativeTarget section */

/* Begin PBXProject section */
		08B8C43B2B497D5200A0D7F6 /* Project object */ = {
			isa = PBXProject;
			attributes = {
				BuildIndependentTargetsInParallel = 1;
				LastSwiftUpdateCheck = 1510;
				LastUpgradeCheck = 1510;
				TargetAttributes = {
					08B8C4422B497D5200A0D7F6 = {
						CreatedOnToolsVersion = 15.1;
					};
				};
			};
			buildConfigurationList = 08B8C43E2B497D5200A0D7F6 /* Build configuration list for PBXProject "SwiftUIPractice" */;
			compatibilityVersion = "Xcode 14.0";
			developmentRegion = en;
			hasScannedForEncodings = 0;
			knownRegions = (
				en,
				Base,
			);
			mainGroup = 08B8C43A2B497D5200A0D7F6;
			productRefGroup = 08B8C4442B497D5200A0D7F6 /* Products */;
			projectDirPath = "";
			projectRoot = "";
			targets = (
				08B8C4422B497D5200A0D7F6 /* SwiftUIPractice */,
			);
		};
/* End PBXProject section */

/* Begin PBXResourcesBuildPhase section */
		08B8C4412B497D5200A0D7F6 /* Resources */ = {
			isa = PBXResourcesBuildPhase;
			buildActionMask = 2147483647;
			files = (
				08B8C44E2B497D5500A0D7F6 /* Preview Assets.xcassets in Resources */,
				08B8C44B2B497D5500A0D7F6 /* Assets.xcassets in Resources */,
			);
			runOnlyForDeploymentPostprocessing = 0;
		};
/* End PBXResourcesBuildPhase section */

/* Begin PBXSourcesBuildPhase section */
		08B8C43F2B497D5200A0D7F6 /* Sources */ = {
			isa = PBXSourcesBuildPhase;
			buildActionMask = 2147483647;
			files = (
				08B8C4862B4A6DFA00A0D7F6 /* FeedCell.swift in Sources */,
				08B8C4652B49825800A0D7F6 /* ProfileView.swift in Sources */,
				08B8C48A2B4A86C200A0D7F6 /* LoginView.swift in Sources */,
				08B8C4492B497D5200A0D7F6 /* ContentView.swift in Sources */,
				08B8C4472B497D5200A0D7F6 /* SwiftUIPracticeApp.swift in Sources */,
				08B8C48C2B4A95AA00A0D7F6 /* AddEmailView.swift in Sources */,
				08B8C4882B4A7C4E00A0D7F6 /* SearchView.swift in Sources */,
				08B8C4822B498CB600A0D7F6 /* UserStatView.swift in Sources */,
				08B8C4962B4C0F0300A0D7F6 /* User.swift in Sources */,
				08B8C4842B4A6DF200A0D7F6 /* FeedView.swift in Sources */,
				08B8C4942B4C072200A0D7F6 /* CompleteSignupView.swift in Sources */,
				08B8C48E2B4AA04400A0D7F6 /* TextFieldModifier.swift in Sources */,
				08B8C4632B497FF600A0D7F6 /* MainTabView.swift in Sources */,
				08B8C4902B4BF7CD00A0D7F6 /* CreateUserNameView.swift in Sources */,
				08B8C4922B4C04A700A0D7F6 /* CreatePasswordView.swift in Sources */,
			);
			runOnlyForDeploymentPostprocessing = 0;
		};
/* End PBXSourcesBuildPhase section */

/* Begin XCBuildConfiguration section */
		08B8C44F2B497D5500A0D7F6 /* Debug */ = {
			isa = XCBuildConfiguration;
			buildSettings = {
				ALWAYS_SEARCH_USER_PATHS = NO;
				ASSETCATALOG_COMPILER_GENERATE_SWIFT_ASSET_SYMBOL_EXTENSIONS = YES;
				CLANG_ANALYZER_NONNULL = YES;
				CLANG_ANALYZER_NUMBER_OBJECT_CONVERSION = YES_AGGRESSIVE;
				CLANG_CXX_LANGUAGE_STANDARD = "gnu++20";
				CLANG_ENABLE_MODULES = YES;
				CLANG_ENABLE_OBJC_ARC = YES;
				CLANG_ENABLE_OBJC_WEAK = YES;
				CLANG_WARN_BLOCK_CAPTURE_AUTORELEASING = YES;
				CLANG_WARN_BOOL_CONVERSION = YES;
				CLANG_WARN_COMMA = YES;
				CLANG_WARN_CONSTANT_CONVERSION = YES;
				CLANG_WARN_DEPRECATED_OBJC_IMPLEMENTATIONS = YES;
				CLANG_WARN_DIRECT_OBJC_ISA_USAGE = YES_ERROR;
				CLANG_WARN_DOCUMENTATION_COMMENTS = YES;
				CLANG_WARN_EMPTY_BODY = YES;
				CLANG_WARN_ENUM_CONVERSION = YES;
				CLANG_WARN_INFINITE_RECURSION = YES;
				CLANG_WARN_INT_CONVERSION = YES;
				CLANG_WARN_NON_LITERAL_NULL_CONVERSION = YES;
				CLANG_WARN_OBJC_IMPLICIT_RETAIN_SELF = YES;
				CLANG_WARN_OBJC_LITERAL_CONVERSION = YES;
				CLANG_WARN_OBJC_ROOT_CLASS = YES_ERROR;
				CLANG_WARN_QUOTED_INCLUDE_IN_FRAMEWORK_HEADER = YES;
				CLANG_WARN_RANGE_LOOP_ANALYSIS = YES;
				CLANG_WARN_STRICT_PROTOTYPES = YES;
				CLANG_WARN_SUSPICIOUS_MOVE = YES;
				CLANG_WARN_UNGUARDED_AVAILABILITY = YES_AGGRESSIVE;
				CLANG_WARN_UNREACHABLE_CODE = YES;
				CLANG_WARN__DUPLICATE_METHOD_MATCH = YES;
				COPY_PHASE_STRIP = NO;
				DEBUG_INFORMATION_FORMAT = dwarf;
				ENABLE_STRICT_OBJC_MSGSEND = YES;
				ENABLE_TESTABILITY = YES;
				ENABLE_USER_SCRIPT_SANDBOXING = YES;
				GCC_C_LANGUAGE_STANDARD = gnu17;
				GCC_DYNAMIC_NO_PIC = NO;
				GCC_NO_COMMON_BLOCKS = YES;
				GCC_OPTIMIZATION_LEVEL = 0;
				GCC_PREPROCESSOR_DEFINITIONS = (
					"DEBUG=1",
					"$(inherited)",
				);
				GCC_WARN_64_TO_32_BIT_CONVERSION = YES;
				GCC_WARN_ABOUT_RETURN_TYPE = YES_ERROR;
				GCC_WARN_UNDECLARED_SELECTOR = YES;
				GCC_WARN_UNINITIALIZED_AUTOS = YES_AGGRESSIVE;
				GCC_WARN_UNUSED_FUNCTION = YES;
				GCC_WARN_UNUSED_VARIABLE = YES;
				IPHONEOS_DEPLOYMENT_TARGET = 17.2;
				LOCALIZATION_PREFERS_STRING_CATALOGS = YES;
				MTL_ENABLE_DEBUG_INFO = INCLUDE_SOURCE;
				MTL_FAST_MATH = YES;
				ONLY_ACTIVE_ARCH = YES;
				SDKROOT = iphoneos;
				SWIFT_ACTIVE_COMPILATION_CONDITIONS = "DEBUG $(inherited)";
				SWIFT_OPTIMIZATION_LEVEL = "-Onone";
			};
			name = Debug;
		};
		08B8C4502B497D5500A0D7F6 /* Release */ = {
			isa = XCBuildConfiguration;
			buildSettings = {
				ALWAYS_SEARCH_USER_PATHS = NO;
				ASSETCATALOG_COMPILER_GENERATE_SWIFT_ASSET_SYMBOL_EXTENSIONS = YES;
				CLANG_ANALYZER_NONNULL = YES;
				CLANG_ANALYZER_NUMBER_OBJECT_CONVERSION = YES_AGGRESSIVE;
				CLANG_CXX_LANGUAGE_STANDARD = "gnu++20";
				CLANG_ENABLE_MODULES = YES;
				CLANG_ENABLE_OBJC_ARC = YES;
				CLANG_ENABLE_OBJC_WEAK = YES;
				CLANG_WARN_BLOCK_CAPTURE_AUTORELEASING = YES;
				CLANG_WARN_BOOL_CONVERSION = YES;
				CLANG_WARN_COMMA = YES;
				CLANG_WARN_CONSTANT_CONVERSION = YES;
				CLANG_WARN_DEPRECATED_OBJC_IMPLEMENTATIONS = YES;
				CLANG_WARN_DIRECT_OBJC_ISA_USAGE = YES_ERROR;
				CLANG_WARN_DOCUMENTATION_COMMENTS = YES;
				CLANG_WARN_EMPTY_BODY = YES;
				CLANG_WARN_ENUM_CONVERSION = YES;
				CLANG_WARN_INFINITE_RECURSION = YES;
				CLANG_WARN_INT_CONVERSION = YES;
				CLANG_WARN_NON_LITERAL_NULL_CONVERSION = YES;
				CLANG_WARN_OBJC_IMPLICIT_RETAIN_SELF = YES;
				CLANG_WARN_OBJC_LITERAL_CONVERSION = YES;
				CLANG_WARN_OBJC_ROOT_CLASS = YES_ERROR;
				CLANG_WARN_QUOTED_INCLUDE_IN_FRAMEWORK_HEADER = YES;
				CLANG_WARN_RANGE_LOOP_ANALYSIS = YES;
				CLANG_WARN_STRICT_PROTOTYPES = YES;
				CLANG_WARN_SUSPICIOUS_MOVE = YES;
				CLANG_WARN_UNGUARDED_AVAILABILITY = YES_AGGRESSIVE;
				CLANG_WARN_UNREACHABLE_CODE = YES;
				CLANG_WARN__DUPLICATE_METHOD_MATCH = YES;
				COPY_PHASE_STRIP = NO;
				DEBUG_INFORMATION_FORMAT = "dwarf-with-dsym";
				ENABLE_NS_ASSERTIONS = NO;
				ENABLE_STRICT_OBJC_MSGSEND = YES;
				ENABLE_USER_SCRIPT_SANDBOXING = YES;
				GCC_C_LANGUAGE_STANDARD = gnu17;
				GCC_NO_COMMON_BLOCKS = YES;
				GCC_WARN_64_TO_32_BIT_CONVERSION = YES;
				GCC_WARN_ABOUT_RETURN_TYPE = YES_ERROR;
				GCC_WARN_UNDECLARED_SELECTOR = YES;
				GCC_WARN_UNINITIALIZED_AUTOS = YES_AGGRESSIVE;
				GCC_WARN_UNUSED_FUNCTION = YES;
				GCC_WARN_UNUSED_VARIABLE = YES;
				IPHONEOS_DEPLOYMENT_TARGET = 17.2;
				LOCALIZATION_PREFERS_STRING_CATALOGS = YES;
				MTL_ENABLE_DEBUG_INFO = NO;
				MTL_FAST_MATH = YES;
				SDKROOT = iphoneos;
				SWIFT_COMPILATION_MODE = wholemodule;
				VALIDATE_PRODUCT = YES;
			};
			name = Release;
		};
		08B8C4522B497D5500A0D7F6 /* Debug */ = {
			isa = XCBuildConfiguration;
			buildSettings = {
				ASSETCATALOG_COMPILER_APPICON_NAME = AppIcon;
				ASSETCATALOG_COMPILER_GLOBAL_ACCENT_COLOR_NAME = AccentColor;
				CODE_SIGN_STYLE = Automatic;
				CURRENT_PROJECT_VERSION = 1;
				DEVELOPMENT_ASSET_PATHS = "\"SwiftUIPractice/Preview Content\"";
				DEVELOPMENT_TEAM = VGM28F2FH7;
				ENABLE_PREVIEWS = YES;
				GENERATE_INFOPLIST_FILE = YES;
				INFOPLIST_KEY_UIApplicationSceneManifest_Generation = YES;
				INFOPLIST_KEY_UIApplicationSupportsIndirectInputEvents = YES;
				INFOPLIST_KEY_UILaunchScreen_Generation = YES;
				INFOPLIST_KEY_UISupportedInterfaceOrientations_iPad = "UIInterfaceOrientationPortrait UIInterfaceOrientationPortraitUpsideDown UIInterfaceOrientationLandscapeLeft UIInterfaceOrientationLandscapeRight";
				INFOPLIST_KEY_UISupportedInterfaceOrientations_iPhone = "UIInterfaceOrientationPortrait UIInterfaceOrientationLandscapeLeft UIInterfaceOrientationLandscapeRight";
				LD_RUNPATH_SEARCH_PATHS = (
					"$(inherited)",
					"@executable_path/Frameworks",
				);
				MARKETING_VERSION = 1.0;
				PRODUCT_BUNDLE_IDENTIFIER = JongHyuckJeon.SwiftUIPractice;
				PRODUCT_NAME = "$(TARGET_NAME)";
				SWIFT_EMIT_LOC_STRINGS = YES;
				SWIFT_VERSION = 5.0;
				TARGETED_DEVICE_FAMILY = "1,2";
			};
			name = Debug;
		};
		08B8C4532B497D5500A0D7F6 /* Release */ = {
			isa = XCBuildConfiguration;
			buildSettings = {
				ASSETCATALOG_COMPILER_APPICON_NAME = AppIcon;
				ASSETCATALOG_COMPILER_GLOBAL_ACCENT_COLOR_NAME = AccentColor;
				CODE_SIGN_STYLE = Automatic;
				CURRENT_PROJECT_VERSION = 1;
				DEVELOPMENT_ASSET_PATHS = "\"SwiftUIPractice/Preview Content\"";
				DEVELOPMENT_TEAM = VGM28F2FH7;
				ENABLE_PREVIEWS = YES;
				GENERATE_INFOPLIST_FILE = YES;
				INFOPLIST_KEY_UIApplicationSceneManifest_Generation = YES;
				INFOPLIST_KEY_UIApplicationSupportsIndirectInputEvents = YES;
				INFOPLIST_KEY_UILaunchScreen_Generation = YES;
				INFOPLIST_KEY_UISupportedInterfaceOrientations_iPad = "UIInterfaceOrientationPortrait UIInterfaceOrientationPortraitUpsideDown UIInterfaceOrientationLandscapeLeft UIInterfaceOrientationLandscapeRight";
				INFOPLIST_KEY_UISupportedInterfaceOrientations_iPhone = "UIInterfaceOrientationPortrait UIInterfaceOrientationLandscapeLeft UIInterfaceOrientationLandscapeRight";
				LD_RUNPATH_SEARCH_PATHS = (
					"$(inherited)",
					"@executable_path/Frameworks",
				);
				MARKETING_VERSION = 1.0;
				PRODUCT_BUNDLE_IDENTIFIER = JongHyuckJeon.SwiftUIPractice;
				PRODUCT_NAME = "$(TARGET_NAME)";
				SWIFT_EMIT_LOC_STRINGS = YES;
				SWIFT_VERSION = 5.0;
				TARGETED_DEVICE_FAMILY = "1,2";
			};
			name = Release;
		};
/* End XCBuildConfiguration section */

/* Begin XCConfigurationList section */
		08B8C43E2B497D5200A0D7F6 /* Build configuration list for PBXProject "SwiftUIPractice" */ = {
			isa = XCConfigurationList;
			buildConfigurations = (
				08B8C44F2B497D5500A0D7F6 /* Debug */,
				08B8C4502B497D5500A0D7F6 /* Release */,
			);
			defaultConfigurationIsVisible = 0;
			defaultConfigurationName = Release;
		};
		08B8C4512B497D5500A0D7F6 /* Build configuration list for PBXNativeTarget "SwiftUIPractice" */ = {
			isa = XCConfigurationList;
			buildConfigurations = (
				08B8C4522B497D5500A0D7F6 /* Debug */,
				08B8C4532B497D5500A0D7F6 /* Release */,
			);
			defaultConfigurationIsVisible = 0;
			defaultConfigurationName = Release;
		};
/* End XCConfigurationList section */
	};
	rootObject = 08B8C43B2B497D5200A0D7F6 /* Project object */;
}
